{
    "version": 3,
    "terraform_version": "0.11.13",
    "serial": 3,
    "lineage": "96f0fcba-a051-198b-afa2-8795f4c83359",
    "modules": [
        {
            "path": [
                "root"
            ],
            "outputs": {
                "IP Address": {
                    "sensitive": false,
                    "type": "string",
                    "value": "172.17.0.3"
                },
                "container_name": {
                    "sensitive": false,
                    "type": "string",
                    "value": "ghost_prod_blog"
                }
            },
            "resources": {
                "docker_container.container_id": {
                    "type": "docker_container",
                    "depends_on": [
                        "docker_image.image_id"
                    ],
                    "primary": {
                        "id": "ab817d5ff23e7dc78e08848285a3de44672b435b38f965e681a79336e454501b",
                        "attributes": {
                            "attach": "false",
                            "bridge": "",
                            "gateway": "172.17.0.1",
                            "id": "ab817d5ff23e7dc78e08848285a3de44672b435b38f965e681a79336e454501b",
                            "image": "sha256:b1fc645e748d44c592ebb6b5767f7034bf732a282995d0aaca920f3659db75e8",
                            "ip_address": "172.17.0.3",
                            "ip_prefix_length": "16",
                            "log_driver": "json-file",
                            "logs": "false",
                            "must_run": "true",
                            "name": "ghost_prod_blog",
                            "network_data.#": "1",
                            "network_data.0.gateway": "172.17.0.1",
                            "network_data.0.ip_address": "172.17.0.3",
                            "network_data.0.ip_prefix_length": "16",
                            "network_data.0.network_name": "bridge",
                            "ports.#": "1",
                            "ports.0.external": "8080",
                            "ports.0.internal": "2368",
                            "ports.0.ip": "0.0.0.0",
                            "ports.0.protocol": "tcp",
                            "restart": "no",
                            "rm": "false",
                            "start": "true"
                        },
                        "meta": {
                            "schema_version": "1"
                        },
                        "tainted": false
                    },
                    "deposed": [],
                    "provider": "provider.docker"
                },
                "docker_image.image_id": {
                    "type": "docker_image",
                    "depends_on": [],
                    "primary": {
                        "id": "sha256:b1fc645e748d44c592ebb6b5767f7034bf732a282995d0aaca920f3659db75e8ghost:alpine",
                        "attributes": {
                            "id": "sha256:b1fc645e748d44c592ebb6b5767f7034bf732a282995d0aaca920f3659db75e8ghost:alpine",
                            "latest": "sha256:b1fc645e748d44c592ebb6b5767f7034bf732a282995d0aaca920f3659db75e8",
                            "name": "ghost:alpine"
                        },
                        "meta": {},
                        "tainted": false
                    },
                    "deposed": [],
                    "provider": "provider.docker"
                }
            },
            "depends_on": []
        }
    ]
}
