{
    "version": 3,
    "terraform_version": "0.11.13",
    "serial": 3,
    "lineage": "095caa09-afcb-ca35-23a1-e40b4f39c14e",
    "modules": [
        {
            "path": [
                "root"
            ],
            "outputs": {
                "IP Address": {
                    "sensitive": false,
                    "type": "string",
                    "value": "172.17.0.2"
                },
                "container_name": {
                    "sensitive": false,
                    "type": "string",
                    "value": "ghost_dev_blog"
                }
            },
            "resources": {
                "docker_container.container_id": {
                    "type": "docker_container",
                    "depends_on": [
                        "docker_image.image_id"
                    ],
                    "primary": {
                        "id": "400200928a70c1c1ba73f7f5b627c1e5ed913a7dc47cce2ca1c80cf55e1dc5c2",
                        "attributes": {
                            "attach": "false",
                            "bridge": "",
                            "gateway": "172.17.0.1",
                            "id": "400200928a70c1c1ba73f7f5b627c1e5ed913a7dc47cce2ca1c80cf55e1dc5c2",
                            "image": "sha256:4b6c3fdfeaf594dc0c9d3ff94abe4cd5b6147603bbc1c928e1e153726a351e81",
                            "ip_address": "172.17.0.2",
                            "ip_prefix_length": "16",
                            "log_driver": "json-file",
                            "logs": "false",
                            "must_run": "true",
                            "name": "ghost_dev_blog",
                            "network_data.#": "1",
                            "network_data.0.gateway": "172.17.0.1",
                            "network_data.0.ip_address": "172.17.0.2",
                            "network_data.0.ip_prefix_length": "16",
                            "network_data.0.network_name": "bridge",
                            "ports.#": "1",
                            "ports.0.external": "80",
                            "ports.0.internal": "2368",
                            "ports.0.ip": "0.0.0.0",
                            "ports.0.protocol": "tcp",
                            "restart": "no",
                            "rm": "false",
                            "start": "true"
                        },
                        "meta": {
                            "schema_version": "1"
                        },
                        "tainted": false
                    },
                    "deposed": [],
                    "provider": "provider.docker"
                },
                "docker_image.image_id": {
                    "type": "docker_image",
                    "depends_on": [],
                    "primary": {
                        "id": "sha256:4b6c3fdfeaf594dc0c9d3ff94abe4cd5b6147603bbc1c928e1e153726a351e81ghost:latest",
                        "attributes": {
                            "id": "sha256:4b6c3fdfeaf594dc0c9d3ff94abe4cd5b6147603bbc1c928e1e153726a351e81ghost:latest",
                            "latest": "sha256:4b6c3fdfeaf594dc0c9d3ff94abe4cd5b6147603bbc1c928e1e153726a351e81",
                            "name": "ghost:latest"
                        },
                        "meta": {},
                        "tainted": false
                    },
                    "deposed": [],
                    "provider": "provider.docker"
                }
            },
            "depends_on": []
        }
    ]
}
