{
    "version": 3,
    "terraform_version": "0.11.13",
    "serial": 4,
    "lineage": "2222df21-57cb-41e7-7c49-954da1512651",
    "modules": [
        {
            "path": [
                "root"
            ],
            "outputs": {},
            "resources": {},
            "depends_on": []
        },
        {
            "path": [
                "root",
                "container"
            ],
            "outputs": {},
            "resources": {
                "docker_container.container_id": {
                    "type": "docker_container",
                    "depends_on": [],
                    "primary": {
                        "id": "d43ce69e973ad1e430c5645f01439b2806874f0a7c75bd8d74dfeedd29c9bc98",
                        "attributes": {
                            "attach": "false",
                            "bridge": "",
                            "gateway": "172.17.0.1",
                            "id": "d43ce69e973ad1e430c5645f01439b2806874f0a7c75bd8d74dfeedd29c9bc98",
                            "image": "sha256:7d4b62482222fc67fe9f717f9ca28afeeb43f7030ced657600b2e35a18c5ab50",
                            "ip_address": "172.17.0.2",
                            "ip_prefix_length": "16",
                            "log_driver": "json-file",
                            "logs": "false",
                            "must_run": "true",
                            "name": "blog",
                            "network_data.#": "1",
                            "network_data.0.gateway": "172.17.0.1",
                            "network_data.0.ip_address": "172.17.0.2",
                            "network_data.0.ip_prefix_length": "16",
                            "network_data.0.network_name": "bridge",
                            "ports.#": "1",
                            "ports.0.external": "80",
                            "ports.0.internal": "3268",
                            "ports.0.ip": "0.0.0.0",
                            "ports.0.protocol": "tcp",
                            "restart": "no",
                            "rm": "false",
                            "start": "true"
                        },
                        "meta": {
                            "schema_version": "1"
                        },
                        "tainted": false
                    },
                    "deposed": [],
                    "provider": "provider.docker"
                }
            },
            "depends_on": []
        },
        {
            "path": [
                "root",
                "image"
            ],
            "outputs": {
                "image_out": {
                    "sensitive": false,
                    "type": "string",
                    "value": "sha256:7d4b62482222fc67fe9f717f9ca28afeeb43f7030ced657600b2e35a18c5ab50"
                }
            },
            "resources": {
                "docker_image.image_id": {
                    "type": "docker_image",
                    "depends_on": [],
                    "primary": {
                        "id": "sha256:7d4b62482222fc67fe9f717f9ca28afeeb43f7030ced657600b2e35a18c5ab50ghost:latest",
                        "attributes": {
                            "id": "sha256:7d4b62482222fc67fe9f717f9ca28afeeb43f7030ced657600b2e35a18c5ab50ghost:latest",
                            "latest": "sha256:7d4b62482222fc67fe9f717f9ca28afeeb43f7030ced657600b2e35a18c5ab50",
                            "name": "ghost:latest"
                        },
                        "meta": {},
                        "tainted": false
                    },
                    "deposed": [],
                    "provider": "provider.docker"
                }
            },
            "depends_on": []
        }
    ]
}
