{
    "version": 3,
    "terraform_version": "0.11.13",
    "serial": 13,
    "lineage": "3fb870f6-3b0e-7af0-6449-d5afc6ca5def",
    "modules": [
        {
            "path": [
                "root"
            ],
            "outputs": {},
            "resources": {
                "docker_image.ghost_image": {
                    "type": "docker_image",
                    "depends_on": [],
                    "primary": {
                        "id": "sha256:6fe7ce9d86739f710977aafb4903c47a47a8793a5ec296c17f6d15f91578d4a6ghost:alpine",
                        "attributes": {
                            "id": "sha256:6fe7ce9d86739f710977aafb4903c47a47a8793a5ec296c17f6d15f91578d4a6ghost:alpine",
                            "latest": "sha256:6fe7ce9d86739f710977aafb4903c47a47a8793a5ec296c17f6d15f91578d4a6",
                            "name": "ghost:alpine"
                        },
                        "meta": {},
                        "tainted": false
                    },
                    "deposed": [],
                    "provider": "provider.docker"
                },
                "docker_image.mysql_image": {
                    "type": "docker_image",
                    "depends_on": [],
                    "primary": {
                        "id": "sha256:e1e1680ac726cf9d328fb567e4107031feadcb3904d9206ad2a258f9e472ea10mysql:5.7",
                        "attributes": {
                            "id": "sha256:e1e1680ac726cf9d328fb567e4107031feadcb3904d9206ad2a258f9e472ea10mysql:5.7",
                            "latest": "sha256:e1e1680ac726cf9d328fb567e4107031feadcb3904d9206ad2a258f9e472ea10",
                            "name": "mysql:5.7"
                        },
                        "meta": {},
                        "tainted": false
                    },
                    "deposed": [],
                    "provider": "provider.docker"
                },
                "docker_network.private_bridge_network": {
                    "type": "docker_network",
                    "depends_on": [],
                    "primary": {
                        "id": "wlfr0f83qdrhe52p4lmc4q1wk",
                        "attributes": {
                            "attachable": "false",
                            "driver": "overlay",
                            "id": "wlfr0f83qdrhe52p4lmc4q1wk",
                            "ingress": "false",
                            "internal": "true",
                            "ipv6": "false",
                            "name": "mysql_internal",
                            "options.%": "1",
                            "options.com.docker.network.driver.overlay.vxlanid_list": "4098",
                            "scope": "swarm"
                        },
                        "meta": {},
                        "tainted": false
                    },
                    "deposed": [],
                    "provider": "provider.docker"
                },
                "docker_network.public_bridge_network": {
                    "type": "docker_network",
                    "depends_on": [],
                    "primary": {
                        "id": "lc5y488bhvizx16fjt3h376e2",
                        "attributes": {
                            "attachable": "false",
                            "driver": "overlay",
                            "id": "lc5y488bhvizx16fjt3h376e2",
                            "ingress": "false",
                            "internal": "false",
                            "ipv6": "false",
                            "name": "public_network",
                            "options.%": "1",
                            "options.com.docker.network.driver.overlay.vxlanid_list": "4097",
                            "scope": "swarm"
                        },
                        "meta": {},
                        "tainted": false
                    },
                    "deposed": [],
                    "provider": "provider.docker"
                },
                "docker_service.ghost_service": {
                    "type": "docker_service",
                    "depends_on": [
                        "docker_image.ghost_image",
                        "docker_network.private_bridge_network",
                        "docker_network.public_bridge_network"
                    ],
                    "primary": {
                        "id": "jwnolp41liduv2cnkvpk0nvfc",
                        "attributes": {
                            "endpoint_spec.#": "1",
                            "endpoint_spec.0.mode": "vip",
                            "endpoint_spec.0.ports.#": "1",
                            "endpoint_spec.0.ports.3926839614.name": "",
                            "endpoint_spec.0.ports.3926839614.protocol": "tcp",
                            "endpoint_spec.0.ports.3926839614.publish_mode": "ingress",
                            "endpoint_spec.0.ports.3926839614.published_port": "8082",
                            "endpoint_spec.0.ports.3926839614.target_port": "2368",
                            "id": "jwnolp41liduv2cnkvpk0nvfc",
                            "labels.%": "0",
                            "mode.#": "1",
                            "mode.0.global": "false",
                            "mode.0.replicated.#": "1",
                            "mode.0.replicated.0.replicas": "1",
                            "name": "ghost_blog",
                            "rollback_config.#": "0",
                            "task_spec.#": "1",
                            "task_spec.0.container_spec.#": "1",
                            "task_spec.0.container_spec.0.args.#": "0",
                            "task_spec.0.container_spec.0.command.#": "0",
                            "task_spec.0.container_spec.0.configs.#": "0",
                            "task_spec.0.container_spec.0.dir": "",
                            "task_spec.0.container_spec.0.dns_config.#": "1",
                            "task_spec.0.container_spec.0.env.%": "5",
                            "task_spec.0.container_spec.0.env.database__client": "mysql",
                            "task_spec.0.container_spec.0.env.database__connection__database": "ghost",
                            "task_spec.0.container_spec.0.env.database__connection__host": "db",
                            "task_spec.0.container_spec.0.env.database__connection__password": "P4sSw0rd0!",
                            "task_spec.0.container_spec.0.env.database__connection__user": "root",
                            "task_spec.0.container_spec.0.groups.#": "0",
                            "task_spec.0.container_spec.0.healthcheck.#": "1",
                            "task_spec.0.container_spec.0.healthcheck.0.interval": "0s",
                            "task_spec.0.container_spec.0.healthcheck.0.retries": "0",
                            "task_spec.0.container_spec.0.healthcheck.0.start_period": "0s",
                            "task_spec.0.container_spec.0.healthcheck.0.test.#": "0",
                            "task_spec.0.container_spec.0.healthcheck.0.timeout": "0s",
                            "task_spec.0.container_spec.0.hostname": "",
                            "task_spec.0.container_spec.0.hosts.#": "0",
                            "task_spec.0.container_spec.0.image": "ghost:alpine@sha256:72649e0e77b1b3d9ea85ce5abdf18ea2035d5d9ddb222ccaeafdae2f05e2ff9e",
                            "task_spec.0.container_spec.0.isolation": "default",
                            "task_spec.0.container_spec.0.labels.%": "0",
                            "task_spec.0.container_spec.0.mounts.#": "0",
                            "task_spec.0.container_spec.0.privileges.#": "0",
                            "task_spec.0.container_spec.0.read_only": "false",
                            "task_spec.0.container_spec.0.secrets.#": "0",
                            "task_spec.0.container_spec.0.stop_grace_period": "0s",
                            "task_spec.0.container_spec.0.stop_signal": "",
                            "task_spec.0.container_spec.0.user": "",
                            "task_spec.0.force_update": "0",
                            "task_spec.0.log_driver.#": "0",
                            "task_spec.0.networks.#": "2",
                            "task_spec.0.networks.1681839220": "wlfr0f83qdrhe52p4lmc4q1wk",
                            "task_spec.0.networks.2652966975": "lc5y488bhvizx16fjt3h376e2",
                            "task_spec.0.placement.#": "1",
                            "task_spec.0.placement.0.constraints.#": "0",
                            "task_spec.0.placement.0.platforms.#": "1",
                            "task_spec.0.placement.0.platforms.2822266258.architecture": "amd64",
                            "task_spec.0.placement.0.platforms.2822266258.os": "linux",
                            "task_spec.0.placement.0.prefs.#": "0",
                            "task_spec.0.resources.#": "1",
                            "task_spec.0.resources.0.limits.#": "0",
                            "task_spec.0.resources.0.reservation.#": "0",
                            "task_spec.0.restart_policy.%": "2",
                            "task_spec.0.restart_policy.condition": "any",
                            "task_spec.0.restart_policy.max_attempts": "0",
                            "task_spec.0.runtime": "container",
                            "update_config.#": "0"
                        },
                        "meta": {},
                        "tainted": false
                    },
                    "deposed": [],
                    "provider": "provider.docker"
                },
                "docker_service.mysql-service": {
                    "type": "docker_service",
                    "depends_on": [
                        "docker_image.mysql_image",
                        "docker_network.private_bridge_network",
                        "docker_volume.mysql_data_volume"
                    ],
                    "primary": {
                        "id": "lplmjblabsf24hyzk5tntpp2h",
                        "attributes": {
                            "endpoint_spec.#": "1",
                            "endpoint_spec.0.mode": "vip",
                            "endpoint_spec.0.ports.#": "0",
                            "id": "lplmjblabsf24hyzk5tntpp2h",
                            "labels.%": "0",
                            "mode.#": "1",
                            "mode.0.global": "false",
                            "mode.0.replicated.#": "1",
                            "mode.0.replicated.0.replicas": "1",
                            "name": "db",
                            "rollback_config.#": "0",
                            "task_spec.#": "1",
                            "task_spec.0.container_spec.#": "1",
                            "task_spec.0.container_spec.0.args.#": "0",
                            "task_spec.0.container_spec.0.command.#": "0",
                            "task_spec.0.container_spec.0.configs.#": "0",
                            "task_spec.0.container_spec.0.dir": "",
                            "task_spec.0.container_spec.0.dns_config.#": "1",
                            "task_spec.0.container_spec.0.env.%": "1",
                            "task_spec.0.container_spec.0.env.MYSQL_ROOT_PASSWORD": "P4sSw0rd0!",
                            "task_spec.0.container_spec.0.groups.#": "0",
                            "task_spec.0.container_spec.0.healthcheck.#": "1",
                            "task_spec.0.container_spec.0.healthcheck.0.interval": "0s",
                            "task_spec.0.container_spec.0.healthcheck.0.retries": "0",
                            "task_spec.0.container_spec.0.healthcheck.0.start_period": "0s",
                            "task_spec.0.container_spec.0.healthcheck.0.test.#": "0",
                            "task_spec.0.container_spec.0.healthcheck.0.timeout": "0s",
                            "task_spec.0.container_spec.0.hostname": "",
                            "task_spec.0.container_spec.0.hosts.#": "0",
                            "task_spec.0.container_spec.0.image": "mysql:5.7@sha256:1a121f2e7590f949b9ede7809395f209dd9910e331e8372e6682ba4bebcc020b",
                            "task_spec.0.container_spec.0.isolation": "default",
                            "task_spec.0.container_spec.0.labels.%": "0",
                            "task_spec.0.container_spec.0.mounts.#": "1",
                            "task_spec.0.container_spec.0.mounts.3473292824.bind_options.#": "0",
                            "task_spec.0.container_spec.0.mounts.3473292824.read_only": "false",
                            "task_spec.0.container_spec.0.mounts.3473292824.source": "mysql_data",
                            "task_spec.0.container_spec.0.mounts.3473292824.target": "/var/lib/mysql",
                            "task_spec.0.container_spec.0.mounts.3473292824.tmpfs_options.#": "0",
                            "task_spec.0.container_spec.0.mounts.3473292824.type": "volume",
                            "task_spec.0.container_spec.0.mounts.3473292824.volume_options.#": "0",
                            "task_spec.0.container_spec.0.privileges.#": "0",
                            "task_spec.0.container_spec.0.read_only": "false",
                            "task_spec.0.container_spec.0.secrets.#": "0",
                            "task_spec.0.container_spec.0.stop_grace_period": "0s",
                            "task_spec.0.container_spec.0.stop_signal": "",
                            "task_spec.0.container_spec.0.user": "",
                            "task_spec.0.force_update": "0",
                            "task_spec.0.log_driver.#": "0",
                            "task_spec.0.networks.#": "1",
                            "task_spec.0.networks.1681839220": "wlfr0f83qdrhe52p4lmc4q1wk",
                            "task_spec.0.placement.#": "1",
                            "task_spec.0.placement.0.constraints.#": "0",
                            "task_spec.0.placement.0.platforms.#": "1",
                            "task_spec.0.placement.0.platforms.2822266258.architecture": "amd64",
                            "task_spec.0.placement.0.platforms.2822266258.os": "linux",
                            "task_spec.0.placement.0.prefs.#": "0",
                            "task_spec.0.resources.#": "1",
                            "task_spec.0.resources.0.limits.#": "0",
                            "task_spec.0.resources.0.reservation.#": "0",
                            "task_spec.0.restart_policy.%": "2",
                            "task_spec.0.restart_policy.condition": "any",
                            "task_spec.0.restart_policy.max_attempts": "0",
                            "task_spec.0.runtime": "container",
                            "update_config.#": "0"
                        },
                        "meta": {},
                        "tainted": false
                    },
                    "deposed": [],
                    "provider": "provider.docker"
                },
                "docker_volume.mysql_data_volume": {
                    "type": "docker_volume",
                    "depends_on": [],
                    "primary": {
                        "id": "mysql_data",
                        "attributes": {
                            "driver": "local",
                            "id": "mysql_data",
                            "mountpoint": "/var/lib/docker/volumes/mysql_data/_data",
                            "name": "mysql_data"
                        },
                        "meta": {},
                        "tainted": false
                    },
                    "deposed": [],
                    "provider": "provider.docker"
                }
            },
            "depends_on": []
        }
    ]
}
